Microsoft Visual Studio Solution File, Format Version 12.00
# Visual Studio Version 17
VisualStudioVersion = 17.5.2.0
MinimumVisualStudioVersion = 10.0.40219.1
Project("{FAE04EC0-301F-11D3-BF4B-00C04F79EFBC}") = "SwaggerLab-ApiClientLab", "SwaggerLab-ApiClientLab.csproj", "{46EEF735-3033-A632-F6C1-FBFE6C797528}"
EndProject
Global
	GlobalSection(SolutionConfigurationPlatforms) = preSolution
		Debug|Any CPU = Debug|Any CPU
		Release|Any CPU = Release|Any CPU
	EndGlobalSection
	GlobalSection(ProjectConfigurationPlatforms) = postSolution
		{46EEF735-3033-A632-F6C1-FBFE6C797528}.Debug|Any CPU.ActiveCfg = Debug|Any CPU
		{46EEF735-3033-A632-F6C1-FBFE6C797528}.Debug|Any CPU.Build.0 = Debug|Any CPU
		{46EEF735-3033-A632-F6C1-FBFE6C797528}.Release|Any CPU.ActiveCfg = Release|Any CPU
		{46EEF735-3033-A632-F6C1-FBFE6C797528}.Release|Any CPU.Build.0 = Release|Any CPU
	EndGlobalSection
	GlobalSection(SolutionProperties) = preSolution
		HideSolutionNode = FALSE
	EndGlobalSection
	GlobalSection(ExtensibilityGlobals) = postSolution
		SolutionGuid = {A835E470-A1ED-4489-A403-0CE495A441C7}
	EndGlobalSection
EndGlobal
