Microsoft Visual Studio Solution File, Format Version 12.00
# Visual Studio Version 17
VisualStudioVersion = 17.5.2.0
MinimumVisualStudioVersion = 10.0.40219.1
Project("{FAE04EC0-301F-11D3-BF4B-00C04F79EFBC}") = "TestingMiddleWareConcepts", "TestingMiddleWareConcepts.csproj", "{178C3048-2972-5FCA-C947-51EE5F9C0C90}"
EndProject
Global
	GlobalSection(SolutionConfigurationPlatforms) = preSolution
		Debug|Any CPU = Debug|Any CPU
		Release|Any CPU = Release|Any CPU
	EndGlobalSection
	GlobalSection(ProjectConfigurationPlatforms) = postSolution
		{178C3048-2972-5FCA-C947-51EE5F9C0C90}.Debug|Any CPU.ActiveCfg = Debug|Any CPU
		{178C3048-2972-5FCA-C947-51EE5F9C0C90}.Debug|Any CPU.Build.0 = Debug|Any CPU
		{178C3048-2972-5FCA-C947-51EE5F9C0C90}.Release|Any CPU.ActiveCfg = Release|Any CPU
		{178C3048-2972-5FCA-C947-51EE5F9C0C90}.Release|Any CPU.Build.0 = Release|Any CPU
	EndGlobalSection
	GlobalSection(SolutionProperties) = preSolution
		HideSolutionNode = FALSE
	EndGlobalSection
	GlobalSection(ExtensibilityGlobals) = postSolution
		SolutionGuid = {3075263A-C438-4F31-A316-879778A4E4A6}
	EndGlobalSection
EndGlobal
